lockfileVersion: '9.0'

settings:
  autoInstallPeers: true
  excludeLinksFromLockfile: false

importers:

  .:
    dependencies:
      bun-plugin-tailwind:
        specifier: ^0.0.15
        version: 0.0.15(typescript@5.9.3)
      daisyui:
        specifier: ^5.0.35
        version: 5.6.3
      tailwindcss:
        specifier: ^4.1.5
        version: 4.3.1
      typescript:
        specifier: ^5
        version: 5.9.3
    devDependencies:
      '@types/bun':
        specifier: latest
        version: 1.3.14

packages:

  '@types/bun@1.3.14':
    resolution: {integrity: sha512-h1hFqFVcvAvD9j9K7ZW7vd82aSA+rTdznZa+5bwvCwqSB1jmmfLcbIWhOLx1/+boy/xmjgCs/OMUL8hRJSmnPw==}

  '@types/node@26.0.1':
    resolution: {integrity: sha512-fc3KiUoBt6kie0N9bIW3E47vZsuaMf0PM2AaUpLCLT0s/LvX1nxAim6Fc049cNxODPpGm6qRAuUOB86SkRuPQw==}

  bun-plugin-tailwind@0.0.15:
    resolution: {integrity: sha512-qtAXMNGG4R0UGGI8zWrqm2B7BdXqx48vunJXBPzfDOHPA5WkRUZdTSbE7TFwO4jLhYqSE23YMWsM9NhE6ovobw==}
    peerDependencies:
      typescript: ^5.0.0

  bun-types@1.3.14:
    resolution: {integrity: sha512-4N0ig0fEomHt5R0KCFWjovxow98rIoRwKolrYdCcknNwMekCXRnWEUvgu5soYV8QXtVsrUD8B95MBOZGPvr6KQ==}

  daisyui@5.6.3:
    resolution: {integrity: sha512-QvdtXnQ/tD5a18Y/+NJkJ1+ggwRtMF84GHTHCCAto5SNqYwZj8SUQQviKMpe1cKR7vMo/evTBDExkYd19KloBQ==}

  tailwindcss@4.3.1:
    resolution: {integrity: sha512-hk+TB1m+K8CYNrP6rjQaq/Y+4Zylwpa87mLYBKCunwnnQ9p+fHb7kmSfGqyEJoxF/O6CDyABWVFEafNSYKll+Q==}

  typescript@5.9.3:
    resolution: {integrity: sha512-jl1vZzPDinLr9eUt3J/t7V6FgNEw9QjvBPdysz9KfQDD41fQrC2Y4vKQdiaUpFT4bXlb1RHhLpp8wtm6M5TgSw==}
    engines: {node: '>=14.17'}
    hasBin: true

  undici-types@8.3.0:
    resolution: {integrity: sha512-j375ScV60dom+YkPFIfTLcOiPxkN/buHz5GobjLhixFuANaNs3C9l4GmrWqejgXWJ7BbJcFYpTEUkS1Ge8bpZQ==}

snapshots:

  '@types/bun@1.3.14':
    dependencies:
      bun-types: 1.3.14

  '@types/node@26.0.1':
    dependencies:
      undici-types: 8.3.0

  bun-plugin-tailwind@0.0.15(typescript@5.9.3):
    dependencies:
      typescript: 5.9.3

  bun-types@1.3.14:
    dependencies:
      '@types/node': 26.0.1

  daisyui@5.6.3: {}

  tailwindcss@4.3.1: {}

  typescript@5.9.3: {}

  undici-types@8.3.0: {}
